
Microsoft Visual Studio Solution File, Format Version 12.00
# Visual Studio Version 17
VisualStudioVersion = 17.11.35327.3
MinimumVisualStudioVersion = 10.0.40219.1
Project("{FAE04EC0-301F-11D3-BF4B-00C04F79EFBC}") = "LeetCode", "LeetCode\LeetCode.csproj", "{CC78C895-E6FD-47D2-B3E6-8C30FDD5F8B8}"
EndProject
Global
	GlobalSection(SolutionConfigurationPlatforms) = preSolution
		Debug|Any CPU = Debug|Any CPU
		Release|Any CPU = Release|Any CPU
	EndGlobalSection
	GlobalSection(ProjectConfigurationPlatforms) = postSolution
		{CC78C895-E6FD-47D2-B3E6-8C30FDD5F8B8}.Debug|Any CPU.ActiveCfg = Debug|Any CPU
		{CC78C895-E6FD-47D2-B3E6-8C30FDD5F8B8}.Debug|Any CPU.Build.0 = Debug|Any CPU
		{CC78C895-E6FD-47D2-B3E6-8C30FDD5F8B8}.Release|Any CPU.ActiveCfg = Release|Any CPU
		{CC78C895-E6FD-47D2-B3E6-8C30FDD5F8B8}.Release|Any CPU.Build.0 = Release|Any CPU
	EndGlobalSection
	GlobalSection(SolutionProperties) = preSolution
		HideSolutionNode = FALSE
	EndGlobalSection
	GlobalSection(ExtensibilityGlobals) = postSolution
		SolutionGuid = {093B4091-5525-4B6E-B9AC-F76E972DEA1D}
	EndGlobalSection
EndGlobal
